
Microsoft Visual Studio Solution File, Format Version 12.00
# Visual Studio Version 17
VisualStudioVersion = 17.5.33414.496
MinimumVisualStudioVersion = 10.0.40219.1
Project("{9A19103F-16F7-4668-BE54-9A1E7A4F7556}") = "SGDP.PLUS.SEG", "SEG.MENU\SGDP.PLUS.SEG.csproj", "{AD91DC0D-DE61-44F6-8F5E-26A133B93AC0}"
EndProject
Project("{9A19103F-16F7-4668-BE54-9A1E7A4F7556}") = "SGDP.PLUS.Comun", "SEG.Comun\SGDP.PLUS.Comun.csproj", "{647F5FD7-D2E4-4AF5-A1F0-043EAC5FC9AE}"
EndProject
Project("{9A19103F-16F7-4668-BE54-9A1E7A4F7556}") = "SGDP.PLUS.MAESTROS", "SGDP.PLUS.PAR\SGDP.PLUS.MAESTROS.csproj", "{038E5822-C6F1-417E-A069-445CBED550AD}"
EndProject
Project("{9A19103F-16F7-4668-BE54-9A1E7A4F7556}") = "SGDP.PLUS.TERCEROS", "SGDP.PLUS.TERCEROS\SGDP.PLUS.TERCEROS.csproj", "{A2DEA4C5-9A69-4BA6-A8B3-820456EBAFDF}"
EndProject
Project("{FAE04EC0-301F-11D3-BF4B-00C04F79EFBC}") = "SGDP.PLUS.INFOTERCERO", "SGDP.PLUS.INFOTERCERO\SGDP.PLUS.INFOTERCERO.csproj", "{78CAC895-0DC8-49F9-962A-321EEBC7934E}"
EndProject
Global
	GlobalSection(SolutionConfigurationPlatforms) = preSolution
		Debug|Any CPU = Debug|Any CPU
		Release|Any CPU = Release|Any CPU
	EndGlobalSection
	GlobalSection(ProjectConfigurationPlatforms) = postSolution
		{AD91DC0D-DE61-44F6-8F5E-26A133B93AC0}.Debug|Any CPU.ActiveCfg = Debug|Any CPU
		{AD91DC0D-DE61-44F6-8F5E-26A133B93AC0}.Debug|Any CPU.Build.0 = Debug|Any CPU
		{AD91DC0D-DE61-44F6-8F5E-26A133B93AC0}.Release|Any CPU.ActiveCfg = Release|Any CPU
		{AD91DC0D-DE61-44F6-8F5E-26A133B93AC0}.Release|Any CPU.Build.0 = Release|Any CPU
		{647F5FD7-D2E4-4AF5-A1F0-043EAC5FC9AE}.Debug|Any CPU.ActiveCfg = Debug|Any CPU
		{647F5FD7-D2E4-4AF5-A1F0-043EAC5FC9AE}.Debug|Any CPU.Build.0 = Debug|Any CPU
		{647F5FD7-D2E4-4AF5-A1F0-043EAC5FC9AE}.Release|Any CPU.ActiveCfg = Release|Any CPU
		{647F5FD7-D2E4-4AF5-A1F0-043EAC5FC9AE}.Release|Any CPU.Build.0 = Release|Any CPU
		{038E5822-C6F1-417E-A069-445CBED550AD}.Debug|Any CPU.ActiveCfg = Debug|Any CPU
		{038E5822-C6F1-417E-A069-445CBED550AD}.Debug|Any CPU.Build.0 = Debug|Any CPU
		{038E5822-C6F1-417E-A069-445CBED550AD}.Release|Any CPU.ActiveCfg = Release|Any CPU
		{038E5822-C6F1-417E-A069-445CBED550AD}.Release|Any CPU.Build.0 = Release|Any CPU
		{A2DEA4C5-9A69-4BA6-A8B3-820456EBAFDF}.Debug|Any CPU.ActiveCfg = Debug|Any CPU
		{A2DEA4C5-9A69-4BA6-A8B3-820456EBAFDF}.Debug|Any CPU.Build.0 = Debug|Any CPU
		{A2DEA4C5-9A69-4BA6-A8B3-820456EBAFDF}.Release|Any CPU.ActiveCfg = Release|Any CPU
		{A2DEA4C5-9A69-4BA6-A8B3-820456EBAFDF}.Release|Any CPU.Build.0 = Release|Any CPU
		{78CAC895-0DC8-49F9-962A-321EEBC7934E}.Debug|Any CPU.ActiveCfg = Debug|Any CPU
		{78CAC895-0DC8-49F9-962A-321EEBC7934E}.Debug|Any CPU.Build.0 = Debug|Any CPU
		{78CAC895-0DC8-49F9-962A-321EEBC7934E}.Release|Any CPU.ActiveCfg = Release|Any CPU
		{78CAC895-0DC8-49F9-962A-321EEBC7934E}.Release|Any CPU.Build.0 = Release|Any CPU
	EndGlobalSection
	GlobalSection(SolutionProperties) = preSolution
		HideSolutionNode = FALSE
	EndGlobalSection
	GlobalSection(ExtensibilityGlobals) = postSolution
		SolutionGuid = {D7063BF3-A9D0-4505-BAB1-20165F878DFB}
	EndGlobalSection
EndGlobal
